// !$*UTF8*$!
{
	archiveVersion = 1;
	classes = {
	};
	objectVersion = 46;
	objects = {

/* Begin PBXBuildFile section */
		EB942C8A1D6FE2700009FCA0 /* AppDelegate.swift in Sources */ = {isa = PBXBuildFile; fileRef = EB942C891D6FE2700009FCA0 /* AppDelegate.swift */; };
		EB942C8C1D6FE2700009FCA0 /* ViewController.swift in Sources */ = {isa = PBXBuildFile; fileRef = EB942C8B1D6FE2700009FCA0 /* ViewController.swift */; };
		EB942C8F1D6FE2700009FCA0 /* Main.storyboard in Resources */ = {isa = PBXBuildFile; fileRef = EB942C8D1D6FE2700009FCA0 /* Main.storyboard */; };
		EB942C911D6FE2700009FCA0 /* Assets.xcassets in Resources */ = {isa = PBXBuildFile; fileRef = EB942C901D6FE2700009FCA0 /* Assets.xcassets */; };
		EB942C941D6FE2700009FCA0 /* LaunchScreen.storyboard in Resources */ = {isa = PBXBuildFile; fileRef = EB942C921D6FE2700009FCA0 /* LaunchScreen.storyboard */; };
		EB942CA21D6FE34A0009FCA0 /* ActionViewController.swift in Sources */ = {isa = PBXBuildFile; fileRef = EB942CA11D6FE34A0009FCA0 /* ActionViewController.swift */; };
		EB942CA51D6FE34A0009FCA0 /* MainInterface.storyboard in Resources */ = {isa = PBXBuildFile; fileRef = EB942CA31D6FE34A0009FCA0 /* MainInterface.storyboard */; };
		EB942CA91D6FE34A0009FCA0 /* Extension.appex in Embed App Extensions */ = {isa = PBXBuildFile; fileRef = EB942C9F1D6FE34A0009FCA0 /* Extension.appex */; settings = {ATTRIBUTES = (RemoveHeadersOnCopy, ); }; };
		EB942CAF1D6FE7500009FCA0 /* Action.js in Resources */ = {isa = PBXBuildFile; fileRef = EB942CAE1D6FE7500009FCA0 /* Action.js */; };
/* End PBXBuildFile section */

/* Begin PBXContainerItemProxy section */
		EB942CA71D6FE34A0009FCA0 /* PBXContainerItemProxy */ = {
			isa = PBXContainerItemProxy;
			containerPortal = EB942C7E1D6FE2700009FCA0 /* Project object */;
			proxyType = 1;
			remoteGlobalIDString = EB942C9E1D6FE34A0009FCA0;
			remoteInfo = Extension;
		};
/* End PBXContainerItemProxy section */

/* Begin PBXCopyFilesBuildPhase section */
		EB942CAD1D6FE34A0009FCA0 /* Embed App Extensions */ = {
			isa = PBXCopyFilesBuildPhase;
			buildActionMask = 2147483647;
			dstPath = "";
			dstSubfolderSpec = 13;
			files = (
				EB942CA91D6FE34A0009FCA0 /* Extension.appex in Embed App Extensions */,
			);
			name = "Embed App Extensions";
			runOnlyForDeploymentPostprocessing = 0;
		};
/* End PBXCopyFilesBuildPhase section */

/* Begin PBXFileReference section */
		EB942C861D6FE2700009FCA0 /* project16.app */ = {isa = PBXFileReference; explicitFileType = wrapper.application; includeInIndex = 0; path = project16.app; sourceTree = BUILT_PRODUCTS_DIR; };
		EB942C891D6FE2700009FCA0 /* AppDelegate.swift */ = {isa = PBXFileReference; lastKnownFileType = sourcecode.swift; path = AppDelegate.swift; sourceTree = "<group>"; };
		EB942C8B1D6FE2700009FCA0 /* ViewController.swift */ = {isa = PBXFileReference; lastKnownFileType = sourcecode.swift; path = ViewController.swift; sourceTree = "<group>"; };
		EB942C8E1D6FE2700009FCA0 /* Base */ = {isa = PBXFileReference; lastKnownFileType = file.storyboard; name = Base; path = Base.lproj/Main.storyboard; sourceTree = "<group>"; };
		EB942C901D6FE2700009FCA0 /* Assets.xcassets */ = {isa = PBXFileReference; lastKnownFileType = folder.assetcatalog; path = Assets.xcassets; sourceTree = "<group>"; };
		EB942C931D6FE2700009FCA0 /* Base */ = {isa = PBXFileReference; lastKnownFileType = file.storyboard; name = Base; path = Base.lproj/LaunchScreen.storyboard; sourceTree = "<group>"; };
		EB942C951D6FE2700009FCA0 /* Info.plist */ = {isa = PBXFileReference; lastKnownFileType = text.plist.xml; path = Info.plist; sourceTree = "<group>"; };
		EB942C9F1D6FE34A0009FCA0 /* Extension.appex */ = {isa = PBXFileReference; explicitFileType = "wrapper.app-extension"; includeInIndex = 0; path = Extension.appex; sourceTree = BUILT_PRODUCTS_DIR; };
		EB942CA11D6FE34A0009FCA0 /* ActionViewController.swift */ = {isa = PBXFileReference; lastKnownFileType = sourcecode.swift; path = ActionViewController.swift; sourceTree = "<group>"; };
		EB942CA41D6FE34A0009FCA0 /* Base */ = {isa = PBXFileReference; lastKnownFileType = file.storyboard; name = Base; path = Base.lproj/MainInterface.storyboard; sourceTree = "<group>"; };
		EB942CA61D6FE34A0009FCA0 /* Info.plist */ = {isa = PBXFileReference; lastKnownFileType = text.plist.xml; path = Info.plist; sourceTree = "<group>"; };
		EB942CAE1D6FE7500009FCA0 /* Action.js */ = {isa = PBXFileReference; fileEncoding = 4; lastKnownFileType = sourcecode.javascript; path = Action.js; sourceTree = "<group>"; };
/* End PBXFileReference section */

/* Begin PBXFrameworksBuildPhase section */
		EB942C831D6FE2700009FCA0 /* Frameworks */ = {
			isa = PBXFrameworksBuildPhase;
			buildActionMask = 2147483647;
			files = (
			);
			runOnlyForDeploymentPostprocessing = 0;
		};
		EB942C9C1D6FE34A0009FCA0 /* Frameworks */ = {
			isa = PBXFrameworksBuildPhase;
			buildActionMask = 2147483647;
			files = (
			);
			runOnlyForDeploymentPostprocessing = 0;
		};
/* End PBXFrameworksBuildPhase section */

/* Begin PBXGroup section */
		EB942C7D1D6FE2700009FCA0 = {
			isa = PBXGroup;
			children = (
				EB942C881D6FE2700009FCA0 /* project16 */,
				EB942CA01D6FE34A0009FCA0 /* Extension */,
				EB942C871D6FE2700009FCA0 /* Products */,
			);
			sourceTree = "<group>";
		};
		EB942C871D6FE2700009FCA0 /* Products */ = {
			isa = PBXGroup;
			children = (
				EB942C861D6FE2700009FCA0 /* project16.app */,
				EB942C9F1D6FE34A0009FCA0 /* Extension.appex */,
			);
			name = Products;
			sourceTree = "<group>";
		};
		EB942C881D6FE2700009FCA0 /* project16 */ = {
			isa = PBXGroup;
			children = (
				EB942C891D6FE2700009FCA0 /* AppDelegate.swift */,
				EB942C8B1D6FE2700009FCA0 /* ViewController.swift */,
				EB942C8D1D6FE2700009FCA0 /* Main.storyboard */,
				EB942C901D6FE2700009FCA0 /* Assets.xcassets */,
				EB942C921D6FE2700009FCA0 /* LaunchScreen.storyboard */,
				EB942C951D6FE2700009FCA0 /* Info.plist */,
			);
			path = project16;
			sourceTree = "<group>";
		};
		EB942CA01D6FE34A0009FCA0 /* Extension */ = {
			isa = PBXGroup;
			children = (
				EB942CA11D6FE34A0009FCA0 /* ActionViewController.swift */,
				EB942CA31D6FE34A0009FCA0 /* MainInterface.storyboard */,
				EB942CA61D6FE34A0009FCA0 /* Info.plist */,
				EB942CAE1D6FE7500009FCA0 /* Action.js */,
			);
			path = Extension;
			sourceTree = "<group>";
		};
/* End PBXGroup section */

/* Begin PBXNativeTarget section */
		EB942C851D6FE2700009FCA0 /* project16 */ = {
			isa = PBXNativeTarget;
			buildConfigurationList = EB942C981D6FE2700009FCA0 /* Build configuration list for PBXNativeTarget "project16" */;
			buildPhases = (
				EB942C821D6FE2700009FCA0 /* Sources */,
				EB942C831D6FE2700009FCA0 /* Frameworks */,
				EB942C841D6FE2700009FCA0 /* Resources */,
				EB942CAD1D6FE34A0009FCA0 /* Embed App Extensions */,
			);
			buildRules = (
			);
			dependencies = (
				EB942CA81D6FE34A0009FCA0 /* PBXTargetDependency */,
			);
			name = project16;
			productName = project16;
			productReference = EB942C861D6FE2700009FCA0 /* project16.app */;
			productType = "com.apple.product-type.application";
		};
		EB942C9E1D6FE34A0009FCA0 /* Extension */ = {
			isa = PBXNativeTarget;
			buildConfigurationList = EB942CAA1D6FE34A0009FCA0 /* Build configuration list for PBXNativeTarget "Extension" */;
			buildPhases = (
				EB942C9B1D6FE34A0009FCA0 /* Sources */,
				EB942C9C1D6FE34A0009FCA0 /* Frameworks */,
				EB942C9D1D6FE34A0009FCA0 /* Resources */,
			);
			buildRules = (
			);
			dependencies = (
			);
			name = Extension;
			productName = Extension;
			productReference = EB942C9F1D6FE34A0009FCA0 /* Extension.appex */;
			productType = "com.apple.product-type.app-extension";
		};
/* End PBXNativeTarget section */

/* Begin PBXProject section */
		EB942C7E1D6FE2700009FCA0 /* Project object */ = {
			isa = PBXProject;
			attributes = {
				LastSwiftUpdateCheck = 0730;
				LastUpgradeCheck = 0730;
				ORGANIZATIONNAME = minotake;
				TargetAttributes = {
					EB942C851D6FE2700009FCA0 = {
						CreatedOnToolsVersion = 7.3.1;
					};
					EB942C9E1D6FE34A0009FCA0 = {
						CreatedOnToolsVersion = 7.3.1;
					};
				};
			};
			buildConfigurationList = EB942C811D6FE2700009FCA0 /* Build configuration list for PBXProject "project16" */;
			compatibilityVersion = "Xcode 3.2";
			developmentRegion = English;
			hasScannedForEncodings = 0;
			knownRegions = (
				en,
				Base,
			);
			mainGroup = EB942C7D1D6FE2700009FCA0;
			productRefGroup = EB942C871D6FE2700009FCA0 /* Products */;
			projectDirPath = "";
			projectRoot = "";
			targets = (
				EB942C851D6FE2700009FCA0 /* project16 */,
				EB942C9E1D6FE34A0009FCA0 /* Extension */,
			);
		};
/* End PBXProject section */

/* Begin PBXResourcesBuildPhase section */
		EB942C841D6FE2700009FCA0 /* Resources */ = {
			isa = PBXResourcesBuildPhase;
			buildActionMask = 2147483647;
			files = (
				EB942C941D6FE2700009FCA0 /* LaunchScreen.storyboard in Resources */,
				EB942C911D6FE2700009FCA0 /* Assets.xcassets in Resources */,
				EB942C8F1D6FE2700009FCA0 /* Main.storyboard in Resources */,
			);
			runOnlyForDeploymentPostprocessing = 0;
		};
		EB942C9D1D6FE34A0009FCA0 /* Resources */ = {
			isa = PBXResourcesBuildPhase;
			buildActionMask = 2147483647;
			files = (
				EB942CAF1D6FE7500009FCA0 /* Action.js in Resources */,
				EB942CA51D6FE34A0009FCA0 /* MainInterface.storyboard in Resources */,
			);
			runOnlyForDeploymentPostprocessing = 0;
		};
/* End PBXResourcesBuildPhase section */

/* Begin PBXSourcesBuildPhase section */
		EB942C821D6FE2700009FCA0 /* Sources */ = {
			isa = PBXSourcesBuildPhase;
			buildActionMask = 2147483647;
			files = (
				EB942C8C1D6FE2700009FCA0 /* ViewController.swift in Sources */,
				EB942C8A1D6FE2700009FCA0 /* AppDelegate.swift in Sources */,
			);
			runOnlyForDeploymentPostprocessing = 0;
		};
		EB942C9B1D6FE34A0009FCA0 /* Sources */ = {
			isa = PBXSourcesBuildPhase;
			buildActionMask = 2147483647;
			files = (
				EB942CA21D6FE34A0009FCA0 /* ActionViewController.swift in Sources */,
			);
			runOnlyForDeploymentPostprocessing = 0;
		};
/* End PBXSourcesBuildPhase section */

/* Begin PBXTargetDependency section */
		EB942CA81D6FE34A0009FCA0 /* PBXTargetDependency */ = {
			isa = PBXTargetDependency;
			target = EB942C9E1D6FE34A0009FCA0 /* Extension */;
			targetProxy = EB942CA71D6FE34A0009FCA0 /* PBXContainerItemProxy */;
		};
/* End PBXTargetDependency section */

/* Begin PBXVariantGroup section */
		EB942C8D1D6FE2700009FCA0 /* Main.storyboard */ = {
			isa = PBXVariantGroup;
			children = (
				EB942C8E1D6FE2700009FCA0 /* Base */,
			);
			name = Main.storyboard;
			sourceTree = "<group>";
		};
		EB942C921D6FE2700009FCA0 /* LaunchScreen.storyboard */ = {
			isa = PBXVariantGroup;
			children = (
				EB942C931D6FE2700009FCA0 /* Base */,
			);
			name = LaunchScreen.storyboard;
			sourceTree = "<group>";
		};
		EB942CA31D6FE34A0009FCA0 /* MainInterface.storyboard */ = {
			isa = PBXVariantGroup;
			children = (
				EB942CA41D6FE34A0009FCA0 /* Base */,
			);
			name = MainInterface.storyboard;
			sourceTree = "<group>";
		};
/* End PBXVariantGroup section */

/* Begin XCBuildConfiguration section */
		EB942C961D6FE2700009FCA0 /* Debug */ = {
			isa = XCBuildConfiguration;
			buildSettings = {
				ALWAYS_SEARCH_USER_PATHS = NO;
				CLANG_ANALYZER_NONNULL = YES;
				CLANG_CXX_LANGUAGE_STANDARD = "gnu++0x";
				CLANG_CXX_LIBRARY = "libc++";
				CLANG_ENABLE_MODULES = YES;
				CLANG_ENABLE_OBJC_ARC = YES;
				CLANG_WARN_BOOL_CONVERSION = YES;
				CLANG_WARN_CONSTANT_CONVERSION = YES;
				CLANG_WARN_DIRECT_OBJC_ISA_USAGE = YES_ERROR;
				CLANG_WARN_EMPTY_BODY = YES;
				CLANG_WARN_ENUM_CONVERSION = YES;
				CLANG_WARN_INT_CONVERSION = YES;
				CLANG_WARN_OBJC_ROOT_CLASS = YES_ERROR;
				CLANG_WARN_UNREACHABLE_CODE = YES;
				CLANG_WARN__DUPLICATE_METHOD_MATCH = YES;
				"CODE_SIGN_IDENTITY[sdk=iphoneos*]" = "iPhone Developer";
				COPY_PHASE_STRIP = NO;
				DEBUG_INFORMATION_FORMAT = dwarf;
				ENABLE_STRICT_OBJC_MSGSEND = YES;
				ENABLE_TESTABILITY = YES;
				GCC_C_LANGUAGE_STANDARD = gnu99;
				GCC_DYNAMIC_NO_PIC = NO;
				GCC_NO_COMMON_BLOCKS = YES;
				GCC_OPTIMIZATION_LEVEL = 0;
				GCC_PREPROCESSOR_DEFINITIONS = (
					"DEBUG=1",
					"$(inherited)",
				);
				GCC_WARN_64_TO_32_BIT_CONVERSION = YES;
				GCC_WARN_ABOUT_RETURN_TYPE = YES_ERROR;
				GCC_WARN_UNDECLARED_SELECTOR = YES;
				GCC_WARN_UNINITIALIZED_AUTOS = YES_AGGRESSIVE;
				GCC_WARN_UNUSED_FUNCTION = YES;
				GCC_WARN_UNUSED_VARIABLE = YES;
				IPHONEOS_DEPLOYMENT_TARGET = 9.3;
				MTL_ENABLE_DEBUG_INFO = YES;
				ONLY_ACTIVE_ARCH = YES;
				SDKROOT = iphoneos;
				SWIFT_OPTIMIZATION_LEVEL = "-Onone";
			};
			name = Debug;
		};
		EB942C971D6FE2700009FCA0 /* Release */ = {
			isa = XCBuildConfiguration;
			buildSettings = {
				ALWAYS_SEARCH_USER_PATHS = NO;
				CLANG_ANALYZER_NONNULL = YES;
				CLANG_CXX_LANGUAGE_STANDARD = "gnu++0x";
				CLANG_CXX_LIBRARY = "libc++";
				CLANG_ENABLE_MODULES = YES;
				CLANG_ENABLE_OBJC_ARC = YES;
				CLANG_WARN_BOOL_CONVERSION = YES;
				CLANG_WARN_CONSTANT_CONVERSION = YES;
				CLANG_WARN_DIRECT_OBJC_ISA_USAGE = YES_ERROR;
				CLANG_WARN_EMPTY_BODY = YES;
				CLANG_WARN_ENUM_CONVERSION = YES;
				CLANG_WARN_INT_CONVERSION = YES;
				CLANG_WARN_OBJC_ROOT_CLASS = YES_ERROR;
				CLANG_WARN_UNREACHABLE_CODE = YES;
				CLANG_WARN__DUPLICATE_METHOD_MATCH = YES;
				"CODE_SIGN_IDENTITY[sdk=iphoneos*]" = "iPhone Developer";
				COPY_PHASE_STRIP = NO;
				DEBUG_INFORMATION_FORMAT = "dwarf-with-dsym";
				ENABLE_NS_ASSERTIONS = NO;
				ENABLE_STRICT_OBJC_MSGSEND = YES;
				GCC_C_LANGUAGE_STANDARD = gnu99;
				GCC_NO_COMMON_BLOCKS = YES;
				GCC_WARN_64_TO_32_BIT_CONVERSION = YES;
				GCC_WARN_ABOUT_RETURN_TYPE = YES_ERROR;
				GCC_WARN_UNDECLARED_SELECTOR = YES;
				GCC_WARN_UNINITIALIZED_AUTOS = YES_AGGRESSIVE;
				GCC_WARN_UNUSED_FUNCTION = YES;
				GCC_WARN_UNUSED_VARIABLE = YES;
				IPHONEOS_DEPLOYMENT_TARGET = 9.3;
				MTL_ENABLE_DEBUG_INFO = NO;
				SDKROOT = iphoneos;
				VALIDATE_PRODUCT = YES;
			};
			name = Release;
		};
		EB942C991D6FE2700009FCA0 /* Debug */ = {
			isa = XCBuildConfiguration;
			buildSettings = {
				ASSETCATALOG_COMPILER_APPICON_NAME = AppIcon;
				EMBEDDED_CONTENT_CONTAINS_SWIFT = YES;
				INFOPLIST_FILE = project16/Info.plist;
				LD_RUNPATH_SEARCH_PATHS = "$(inherited) @executable_path/Frameworks";
				PRODUCT_BUNDLE_IDENTIFIER = info.mntk.project16;
				PRODUCT_NAME = "$(TARGET_NAME)";
			};
			name = Debug;
		};
		EB942C9A1D6FE2700009FCA0 /* Release */ = {
			isa = XCBuildConfiguration;
			buildSettings = {
				ASSETCATALOG_COMPILER_APPICON_NAME = AppIcon;
				EMBEDDED_CONTENT_CONTAINS_SWIFT = YES;
				INFOPLIST_FILE = project16/Info.plist;
				LD_RUNPATH_SEARCH_PATHS = "$(inherited) @executable_path/Frameworks";
				PRODUCT_BUNDLE_IDENTIFIER = info.mntk.project16;
				PRODUCT_NAME = "$(TARGET_NAME)";
			};
			name = Release;
		};
		EB942CAB1D6FE34A0009FCA0 /* Debug */ = {
			isa = XCBuildConfiguration;
			buildSettings = {
				INFOPLIST_FILE = Extension/Info.plist;
				LD_RUNPATH_SEARCH_PATHS = "$(inherited) @executable_path/Frameworks @executable_path/../../Frameworks";
				PRODUCT_BUNDLE_IDENTIFIER = info.mntk.project16.Extension;
				PRODUCT_NAME = "$(TARGET_NAME)";
				SKIP_INSTALL = YES;
			};
			name = Debug;
		};
		EB942CAC1D6FE34A0009FCA0 /* Release */ = {
			isa = XCBuildConfiguration;
			buildSettings = {
				INFOPLIST_FILE = Extension/Info.plist;
				LD_RUNPATH_SEARCH_PATHS = "$(inherited) @executable_path/Frameworks @executable_path/../../Frameworks";
				PRODUCT_BUNDLE_IDENTIFIER = info.mntk.project16.Extension;
				PRODUCT_NAME = "$(TARGET_NAME)";
				SKIP_INSTALL = YES;
			};
			name = Release;
		};
/* End XCBuildConfiguration section */

/* Begin XCConfigurationList section */
		EB942C811D6FE2700009FCA0 /* Build configuration list for PBXProject "project16" */ = {
			isa = XCConfigurationList;
			buildConfigurations = (
				EB942C961D6FE2700009FCA0 /* Debug */,
				EB942C971D6FE2700009FCA0 /* Release */,
			);
			defaultConfigurationIsVisible = 0;
			defaultConfigurationName = Release;
		};
		EB942C981D6FE2700009FCA0 /* Build configuration list for PBXNativeTarget "project16" */ = {
			isa = XCConfigurationList;
			buildConfigurations = (
				EB942C991D6FE2700009FCA0 /* Debug */,
				EB942C9A1D6FE2700009FCA0 /* Release */,
			);
			defaultConfigurationIsVisible = 0;
		};
		EB942CAA1D6FE34A0009FCA0 /* Build configuration list for PBXNativeTarget "Extension" */ = {
			isa = XCConfigurationList;
			buildConfigurations = (
				EB942CAB1D6FE34A0009FCA0 /* Debug */,
				EB942CAC1D6FE34A0009FCA0 /* Release */,
			);
			defaultConfigurationIsVisible = 0;
		};
/* End XCConfigurationList section */
	};
	rootObject = EB942C7E1D6FE2700009FCA0 /* Project object */;
}
